Microsoft Visual Studio Solution File, Format Version 12.00
# Visual Studio Version 17
VisualStudioVersion = 17.8.0.0
MinimumVisualStudioVersion = 17.8.0.0
Project("{9A19103F-16F7-4668-BE54-9A1E7A4F7556}") = "EFK.SampleApp.AppHost", "src\EFK.SampleApp.AppHost\EFK.SampleApp.AppHost.csproj", "{A3D3D7AD-9C72-42D0-902E-608616027F65}"
EndProject
Project("{9A19103F-16F7-4668-BE54-9A1E7A4F7556}") = "EFK.SampleApp.ServiceDefaults", "src\EFK.SampleApp.ServiceDefaults\EFK.SampleApp.ServiceDefaults.csproj", "{62CCC315-B7DA-40F1-9132-2A02C5B80892}"
EndProject
Project("{9A19103F-16F7-4668-BE54-9A1E7A4F7556}") = "EFK.SampleApp.ApiService", "src\EFK.SampleApp.ApiService\EFK.SampleApp.ApiService.csproj", "{65417F67-DE07-4D9F-B219-849AA9C7B4E5}"
EndProject
Project("{9A19103F-16F7-4668-BE54-9A1E7A4F7556}") = "EFK.SampleApp.Web", "src\EFK.SampleApp.Web\EFK.SampleApp.Web.csproj", "{974CCCC2-FB67-4CBE-A748-39728DE1E907}"
EndProject
Project("{2150E333-8FDC-42A3-9474-1A3956D46DE8}") = "Common", "Common", "{933B2E13-7FB2-4545-AB38-20868FE2E8C3}"
EndProject
Project("{FAE04EC0-301F-11D3-BF4B-00C04F79EFBC}") = "EFK.SampleApp.Common.Persistence", "src\EFK.SampleApp.Common.Persistence\EFK.SampleApp.Common.Persistence.csproj", "{1745F801-46AD-4215-938E-F609475A9193}"
EndProject
Project("{FAE04EC0-301F-11D3-BF4B-00C04F79EFBC}") = "EFK.SampleApp.Common", "src\EFK.SampleApp.Common\EFK.SampleApp.Common.csproj", "{4D075089-29ED-492D-B4C8-ED08323D66CA}"
EndProject
Project("{FAE04EC0-301F-11D3-BF4B-00C04F79EFBC}") = "EFK.SampleApp.MeasurementService", "src\EFK.SampleApp.MeasurementService\EFK.SampleApp.MeasurementService.csproj", "{AA9A0D94-DF0D-42D9-9B99-DACED8971AF8}"
EndProject
Project("{2150E333-8FDC-42A3-9474-1A3956D46DE8}") = "Tests", "Tests", "{996C757F-999E-44F0-9B30-C4D8ECDF1392}"
EndProject
Project("{FAE04EC0-301F-11D3-BF4B-00C04F79EFBC}") = "EFK.SampleApp.Ui.UnitTests", "test\EFK.SampleApp.Ui.UnitTests\EFK.SampleApp.Ui.UnitTests.csproj", "{63883A61-0ACA-44BF-AC6F-12117727AEF1}"
EndProject
Project("{FAE04EC0-301F-11D3-BF4B-00C04F79EFBC}") = "EFK.SampleApp.Api.UnitTests", "test\EFK.SampleApp.Api.UnitTests\EFK.SampleApp.Api.UnitTests.csproj", "{A30B746D-16A6-4D26-A70E-9F5583E884D5}"
EndProject
Project("{FAE04EC0-301F-11D3-BF4B-00C04F79EFBC}") = "EFK.SampleApp.TelemetryService.UnitTests", "test\EFK.SampleApp.TelemetryService.UnitTests\EFK.SampleApp.TelemetryService.UnitTests.csproj", "{95C5CC1B-E0E0-4394-AA9F-B4461B56F183}"
EndProject
Global
	GlobalSection(SolutionConfigurationPlatforms) = preSolution
		Debug|Any CPU = Debug|Any CPU
		Release|Any CPU = Release|Any CPU
	EndGlobalSection
	GlobalSection(ProjectConfigurationPlatforms) = postSolution
		{A3D3D7AD-9C72-42D0-902E-608616027F65}.Debug|Any CPU.ActiveCfg = Debug|Any CPU
		{A3D3D7AD-9C72-42D0-902E-608616027F65}.Debug|Any CPU.Build.0 = Debug|Any CPU
		{A3D3D7AD-9C72-42D0-902E-608616027F65}.Release|Any CPU.ActiveCfg = Release|Any CPU
		{A3D3D7AD-9C72-42D0-902E-608616027F65}.Release|Any CPU.Build.0 = Release|Any CPU
		{62CCC315-B7DA-40F1-9132-2A02C5B80892}.Debug|Any CPU.ActiveCfg = Debug|Any CPU
		{62CCC315-B7DA-40F1-9132-2A02C5B80892}.Debug|Any CPU.Build.0 = Debug|Any CPU
		{62CCC315-B7DA-40F1-9132-2A02C5B80892}.Release|Any CPU.ActiveCfg = Release|Any CPU
		{62CCC315-B7DA-40F1-9132-2A02C5B80892}.Release|Any CPU.Build.0 = Release|Any CPU
		{65417F67-DE07-4D9F-B219-849AA9C7B4E5}.Debug|Any CPU.ActiveCfg = Debug|Any CPU
		{65417F67-DE07-4D9F-B219-849AA9C7B4E5}.Debug|Any CPU.Build.0 = Debug|Any CPU
		{65417F67-DE07-4D9F-B219-849AA9C7B4E5}.Release|Any CPU.ActiveCfg = Release|Any CPU
		{65417F67-DE07-4D9F-B219-849AA9C7B4E5}.Release|Any CPU.Build.0 = Release|Any CPU
		{974CCCC2-FB67-4CBE-A748-39728DE1E907}.Debug|Any CPU.ActiveCfg = Debug|Any CPU
		{974CCCC2-FB67-4CBE-A748-39728DE1E907}.Debug|Any CPU.Build.0 = Debug|Any CPU
		{974CCCC2-FB67-4CBE-A748-39728DE1E907}.Release|Any CPU.ActiveCfg = Release|Any CPU
		{974CCCC2-FB67-4CBE-A748-39728DE1E907}.Release|Any CPU.Build.0 = Release|Any CPU
		{1745F801-46AD-4215-938E-F609475A9193}.Debug|Any CPU.ActiveCfg = Debug|Any CPU
		{1745F801-46AD-4215-938E-F609475A9193}.Debug|Any CPU.Build.0 = Debug|Any CPU
		{1745F801-46AD-4215-938E-F609475A9193}.Release|Any CPU.ActiveCfg = Release|Any CPU
		{1745F801-46AD-4215-938E-F609475A9193}.Release|Any CPU.Build.0 = Release|Any CPU
		{4D075089-29ED-492D-B4C8-ED08323D66CA}.Debug|Any CPU.ActiveCfg = Debug|Any CPU
		{4D075089-29ED-492D-B4C8-ED08323D66CA}.Debug|Any CPU.Build.0 = Debug|Any CPU
		{4D075089-29ED-492D-B4C8-ED08323D66CA}.Release|Any CPU.ActiveCfg = Release|Any CPU
		{4D075089-29ED-492D-B4C8-ED08323D66CA}.Release|Any CPU.Build.0 = Release|Any CPU
		{AA9A0D94-DF0D-42D9-9B99-DACED8971AF8}.Debug|Any CPU.ActiveCfg = Debug|Any CPU
		{AA9A0D94-DF0D-42D9-9B99-DACED8971AF8}.Debug|Any CPU.Build.0 = Debug|Any CPU
		{AA9A0D94-DF0D-42D9-9B99-DACED8971AF8}.Release|Any CPU.ActiveCfg = Release|Any CPU
		{AA9A0D94-DF0D-42D9-9B99-DACED8971AF8}.Release|Any CPU.Build.0 = Release|Any CPU
		{63883A61-0ACA-44BF-AC6F-12117727AEF1}.Debug|Any CPU.ActiveCfg = Debug|Any CPU
		{63883A61-0ACA-44BF-AC6F-12117727AEF1}.Debug|Any CPU.Build.0 = Debug|Any CPU
		{63883A61-0ACA-44BF-AC6F-12117727AEF1}.Release|Any CPU.ActiveCfg = Release|Any CPU
		{63883A61-0ACA-44BF-AC6F-12117727AEF1}.Release|Any CPU.Build.0 = Release|Any CPU
		{A30B746D-16A6-4D26-A70E-9F5583E884D5}.Debug|Any CPU.ActiveCfg = Debug|Any CPU
		{A30B746D-16A6-4D26-A70E-9F5583E884D5}.Debug|Any CPU.Build.0 = Debug|Any CPU
		{A30B746D-16A6-4D26-A70E-9F5583E884D5}.Release|Any CPU.ActiveCfg = Release|Any CPU
		{A30B746D-16A6-4D26-A70E-9F5583E884D5}.Release|Any CPU.Build.0 = Release|Any CPU
		{95C5CC1B-E0E0-4394-AA9F-B4461B56F183}.Debug|Any CPU.ActiveCfg = Debug|Any CPU
		{95C5CC1B-E0E0-4394-AA9F-B4461B56F183}.Debug|Any CPU.Build.0 = Debug|Any CPU
		{95C5CC1B-E0E0-4394-AA9F-B4461B56F183}.Release|Any CPU.ActiveCfg = Release|Any CPU
		{95C5CC1B-E0E0-4394-AA9F-B4461B56F183}.Release|Any CPU.Build.0 = Release|Any CPU
	EndGlobalSection
	GlobalSection(SolutionProperties) = preSolution
		HideSolutionNode = FALSE
	EndGlobalSection
	GlobalSection(ExtensibilityGlobals) = postSolution
		SolutionGuid = {B5085AF6-0629-4882-AD85-73840DFC528F}
	EndGlobalSection
	GlobalSection(NestedProjects) = preSolution
		{1745F801-46AD-4215-938E-F609475A9193} = {933B2E13-7FB2-4545-AB38-20868FE2E8C3}
		{4D075089-29ED-492D-B4C8-ED08323D66CA} = {933B2E13-7FB2-4545-AB38-20868FE2E8C3}
		{63883A61-0ACA-44BF-AC6F-12117727AEF1} = {996C757F-999E-44F0-9B30-C4D8ECDF1392}
		{A30B746D-16A6-4D26-A70E-9F5583E884D5} = {996C757F-999E-44F0-9B30-C4D8ECDF1392}
		{95C5CC1B-E0E0-4394-AA9F-B4461B56F183} = {996C757F-999E-44F0-9B30-C4D8ECDF1392}
	EndGlobalSection
EndGlobal
